github.com/k0l1br1/loader v0.1.0 h1:fGexOR4nwmGHmVnjhCeQ8VbjPways+6zmpWrtr5WIdU=
github.com/k0l1br1/loader v0.1.0/go.mod h1:ixrTKkRjUIdJfrdyc/rhZPXKBaOCLaoJSRiEybz9AIY=
github.com/valyala/fastjson v1.6.4 h1:uAUNq9Z6ymTgGhcm0UynUAB6tlbakBrz6CQFax3BXVQ=
github.com/valyala/fastjson v1.6.4/go.mod h1:CLCAqky6SMuOcxStkYQvblddUtoRxhYMGLrsQns1aXY=
